
Microsoft Visual Studio Solution File, Format Version 12.00
# Visual Studio Version 17
VisualStudioVersion = 17.9.34622.214
MinimumVisualStudioVersion = 10.0.40219.1
Project("{FAE04EC0-301F-11D3-BF4B-00C04F79EFBC}") = "exer_11", "exer_11\exer_11.csproj", "{242DEA57-E3D1-4178-BEA0-ABBF0A9A44AF}"
EndProject
Global
	GlobalSection(SolutionConfigurationPlatforms) = preSolution
		Debug|Any CPU = Debug|Any CPU
		Release|Any CPU = Release|Any CPU
	EndGlobalSection
	GlobalSection(ProjectConfigurationPlatforms) = postSolution
		{242DEA57-E3D1-4178-BEA0-ABBF0A9A44AF}.Debug|Any CPU.ActiveCfg = Debug|Any CPU
		{242DEA57-E3D1-4178-BEA0-ABBF0A9A44AF}.Debug|Any CPU.Build.0 = Debug|Any CPU
		{242DEA57-E3D1-4178-BEA0-ABBF0A9A44AF}.Release|Any CPU.ActiveCfg = Release|Any CPU
		{242DEA57-E3D1-4178-BEA0-ABBF0A9A44AF}.Release|Any CPU.Build.0 = Release|Any CPU
	EndGlobalSection
	GlobalSection(SolutionProperties) = preSolution
		HideSolutionNode = FALSE
	EndGlobalSection
	GlobalSection(ExtensibilityGlobals) = postSolution
		SolutionGuid = {29B75E6E-E76A-498C-AE0F-20141631F274}
	EndGlobalSection
EndGlobal
