
Microsoft Visual Studio Solution File, Format Version 12.00
# Visual Studio Version 17
VisualStudioVersion = 17.8.34511.84
MinimumVisualStudioVersion = 10.0.40219.1
Project("{FAE04EC0-301F-11D3-BF4B-00C04F79EFBC}") = "exer", "exer\exer.csproj", "{B4219C2B-4023-4610-A34A-A561B4013A4D}"
EndProject
Global
	GlobalSection(SolutionConfigurationPlatforms) = preSolution
		Debug|Any CPU = Debug|Any CPU
		Release|Any CPU = Release|Any CPU
	EndGlobalSection
	GlobalSection(ProjectConfigurationPlatforms) = postSolution
		{B4219C2B-4023-4610-A34A-A561B4013A4D}.Debug|Any CPU.ActiveCfg = Debug|Any CPU
		{B4219C2B-4023-4610-A34A-A561B4013A4D}.Debug|Any CPU.Build.0 = Debug|Any CPU
		{B4219C2B-4023-4610-A34A-A561B4013A4D}.Release|Any CPU.ActiveCfg = Release|Any CPU
		{B4219C2B-4023-4610-A34A-A561B4013A4D}.Release|Any CPU.Build.0 = Release|Any CPU
	EndGlobalSection
	GlobalSection(SolutionProperties) = preSolution
		HideSolutionNode = FALSE
	EndGlobalSection
	GlobalSection(ExtensibilityGlobals) = postSolution
		SolutionGuid = {C94F4192-3F1F-47F7-AEBE-A0C1A3B8D91E}
	EndGlobalSection
EndGlobal
